
Microsoft Visual Studio Solution File, Format Version 12.00
# Visual Studio 15
VisualStudioVersion = 15.0.28307.329
MinimumVisualStudioVersion = 10.0.40219.1
Project("{FAE04EC0-301F-11D3-BF4B-00C04F79EFBC}") = "BankaUygulaması", "BankaUygulaması\BankaUygulaması.csproj", "{502A2F3F-D68B-43FE-9701-5624657603F9}"
EndProject
Global
	GlobalSection(SolutionConfigurationPlatforms) = preSolution
		Debug|Any CPU = Debug|Any CPU
		Release|Any CPU = Release|Any CPU
	EndGlobalSection
	GlobalSection(ProjectConfigurationPlatforms) = postSolution
		{502A2F3F-D68B-43FE-9701-5624657603F9}.Debug|Any CPU.ActiveCfg = Debug|Any CPU
		{502A2F3F-D68B-43FE-9701-5624657603F9}.Debug|Any CPU.Build.0 = Debug|Any CPU
		{502A2F3F-D68B-43FE-9701-5624657603F9}.Release|Any CPU.ActiveCfg = Release|Any CPU
		{502A2F3F-D68B-43FE-9701-5624657603F9}.Release|Any CPU.Build.0 = Release|Any CPU
	EndGlobalSection
	GlobalSection(SolutionProperties) = preSolution
		HideSolutionNode = FALSE
	EndGlobalSection
	GlobalSection(ExtensibilityGlobals) = postSolution
		SolutionGuid = {D2BB7FB3-5AB2-4B54-A13E-CB64A679C687}
	EndGlobalSection
EndGlobal
